
Microsoft Visual Studio Solution File, Format Version 12.00
# Visual Studio Version 17
VisualStudioVersion = 17.3.32804.467
MinimumVisualStudioVersion = 10.0.40219.1
Project("{9A19103F-16F7-4668-BE54-9A1E7A4F7556}") = "PayCalculator", "PayCalculator\PayCalculator.csproj", "{3DDE0549-85CA-4DE9-A991-956E3C0D6AFC}"
EndProject
Project("{9A19103F-16F7-4668-BE54-9A1E7A4F7556}") = "PayCalculatorTest", "PayCalculatorTests\PayCalculatorTest.csproj", "{7B952053-7615-456B-BF8B-D30BF2514A7A}"
EndProject
Project("{9A19103F-16F7-4668-BE54-9A1E7A4F7556}") = "PayCalculatorLibrary", "PayCalculatorLibrary\PayCalculatorLibrary.csproj", "{771245DA-ADBB-4797-8F81-BB80E31A10C6}"
EndProject
Project("{9A19103F-16F7-4668-BE54-9A1E7A4F7556}") = "PayCalculatorAPI", "PayCalculatorAPI\PayCalculatorAPI.csproj", "{EA546D5F-BBC3-4447-9E1D-F17ACD9E0B43}"
EndProject
Project("{9A19103F-16F7-4668-BE54-9A1E7A4F7556}") = "PayCalculatorAPITest", "PayCalculatorAPITest\PayCalculatorAPITest.csproj", "{010DA0D4-A215-43B9-8DB1-F4CE26CDB00B}"
EndProject
Project("{FAE04EC0-301F-11D3-BF4B-00C04F79EFBC}") = "PayCalculatorMVC", "PayCalculatorMVC\PayCalculatorMVC.csproj", "{D5269444-163C-4442-948B-DAC9FAC65863}"
EndProject
Project("{FAE04EC0-301F-11D3-BF4B-00C04F79EFBC}") = "PayCalculatorMVCTest", "PayCalculatorMVCTest\PayCalculatorMVCTest.csproj", "{7EBC2E62-02AA-4FF8-B368-9FAAA2D75D74}"
EndProject
Global
	GlobalSection(SolutionConfigurationPlatforms) = preSolution
		Debug|Any CPU = Debug|Any CPU
		Release|Any CPU = Release|Any CPU
	EndGlobalSection
	GlobalSection(ProjectConfigurationPlatforms) = postSolution
		{3DDE0549-85CA-4DE9-A991-956E3C0D6AFC}.Debug|Any CPU.ActiveCfg = Debug|Any CPU
		{3DDE0549-85CA-4DE9-A991-956E3C0D6AFC}.Debug|Any CPU.Build.0 = Debug|Any CPU
		{3DDE0549-85CA-4DE9-A991-956E3C0D6AFC}.Release|Any CPU.ActiveCfg = Release|Any CPU
		{3DDE0549-85CA-4DE9-A991-956E3C0D6AFC}.Release|Any CPU.Build.0 = Release|Any CPU
		{7B952053-7615-456B-BF8B-D30BF2514A7A}.Debug|Any CPU.ActiveCfg = Debug|Any CPU
		{7B952053-7615-456B-BF8B-D30BF2514A7A}.Debug|Any CPU.Build.0 = Debug|Any CPU
		{7B952053-7615-456B-BF8B-D30BF2514A7A}.Release|Any CPU.ActiveCfg = Release|Any CPU
		{7B952053-7615-456B-BF8B-D30BF2514A7A}.Release|Any CPU.Build.0 = Release|Any CPU
		{771245DA-ADBB-4797-8F81-BB80E31A10C6}.Debug|Any CPU.ActiveCfg = Debug|Any CPU
		{771245DA-ADBB-4797-8F81-BB80E31A10C6}.Debug|Any CPU.Build.0 = Debug|Any CPU
		{771245DA-ADBB-4797-8F81-BB80E31A10C6}.Release|Any CPU.ActiveCfg = Release|Any CPU
		{771245DA-ADBB-4797-8F81-BB80E31A10C6}.Release|Any CPU.Build.0 = Release|Any CPU
		{EA546D5F-BBC3-4447-9E1D-F17ACD9E0B43}.Debug|Any CPU.ActiveCfg = Debug|Any CPU
		{EA546D5F-BBC3-4447-9E1D-F17ACD9E0B43}.Debug|Any CPU.Build.0 = Debug|Any CPU
		{EA546D5F-BBC3-4447-9E1D-F17ACD9E0B43}.Release|Any CPU.ActiveCfg = Release|Any CPU
		{EA546D5F-BBC3-4447-9E1D-F17ACD9E0B43}.Release|Any CPU.Build.0 = Release|Any CPU
		{010DA0D4-A215-43B9-8DB1-F4CE26CDB00B}.Debug|Any CPU.ActiveCfg = Debug|Any CPU
		{010DA0D4-A215-43B9-8DB1-F4CE26CDB00B}.Debug|Any CPU.Build.0 = Debug|Any CPU
		{010DA0D4-A215-43B9-8DB1-F4CE26CDB00B}.Release|Any CPU.ActiveCfg = Release|Any CPU
		{010DA0D4-A215-43B9-8DB1-F4CE26CDB00B}.Release|Any CPU.Build.0 = Release|Any CPU
		{D5269444-163C-4442-948B-DAC9FAC65863}.Debug|Any CPU.ActiveCfg = Debug|Any CPU
		{D5269444-163C-4442-948B-DAC9FAC65863}.Debug|Any CPU.Build.0 = Debug|Any CPU
		{D5269444-163C-4442-948B-DAC9FAC65863}.Release|Any CPU.ActiveCfg = Release|Any CPU
		{D5269444-163C-4442-948B-DAC9FAC65863}.Release|Any CPU.Build.0 = Release|Any CPU
		{7EBC2E62-02AA-4FF8-B368-9FAAA2D75D74}.Debug|Any CPU.ActiveCfg = Debug|Any CPU
		{7EBC2E62-02AA-4FF8-B368-9FAAA2D75D74}.Debug|Any CPU.Build.0 = Debug|Any CPU
		{7EBC2E62-02AA-4FF8-B368-9FAAA2D75D74}.Release|Any CPU.ActiveCfg = Release|Any CPU
		{7EBC2E62-02AA-4FF8-B368-9FAAA2D75D74}.Release|Any CPU.Build.0 = Release|Any CPU
	EndGlobalSection
	GlobalSection(SolutionProperties) = preSolution
		HideSolutionNode = FALSE
	EndGlobalSection
	GlobalSection(ExtensibilityGlobals) = postSolution
		SolutionGuid = {A0431F06-9A87-43AD-BC3E-C20B3A43BDA8}
	EndGlobalSection
EndGlobal
